
Microsoft Visual Studio Solution File, Format Version 12.00
# Visual Studio Version 16
VisualStudioVersion = 16.0.29324.140
MinimumVisualStudioVersion = 10.0.40219.1
Project("{8BC9CEB8-8B4A-11D0-8D11-00A0C91BC942}") = "Arquivos de texto", "Arquivos de texto\Arquivos de texto.vcxproj", "{3C109B78-DDCD-42DF-B90F-65D52D3E3F3C}"
EndProject
Global
	GlobalSection(SolutionConfigurationPlatforms) = preSolution
		Debug|x64 = Debug|x64
		Debug|x86 = Debug|x86
		Release|x64 = Release|x64
		Release|x86 = Release|x86
	EndGlobalSection
	GlobalSection(ProjectConfigurationPlatforms) = postSolution
		{3C109B78-DDCD-42DF-B90F-65D52D3E3F3C}.Debug|x64.ActiveCfg = Debug|x64
		{3C109B78-DDCD-42DF-B90F-65D52D3E3F3C}.Debug|x64.Build.0 = Debug|x64
		{3C109B78-DDCD-42DF-B90F-65D52D3E3F3C}.Debug|x86.ActiveCfg = Debug|Win32
		{3C109B78-DDCD-42DF-B90F-65D52D3E3F3C}.Debug|x86.Build.0 = Debug|Win32
		{3C109B78-DDCD-42DF-B90F-65D52D3E3F3C}.Release|x64.ActiveCfg = Release|x64
		{3C109B78-DDCD-42DF-B90F-65D52D3E3F3C}.Release|x64.Build.0 = Release|x64
		{3C109B78-DDCD-42DF-B90F-65D52D3E3F3C}.Release|x86.ActiveCfg = Release|Win32
		{3C109B78-DDCD-42DF-B90F-65D52D3E3F3C}.Release|x86.Build.0 = Release|Win32
	EndGlobalSection
	GlobalSection(SolutionProperties) = preSolution
		HideSolutionNode = FALSE
	EndGlobalSection
	GlobalSection(ExtensibilityGlobals) = postSolution
		SolutionGuid = {D9AA5A4F-BDE2-423F-90E6-60D78C9B8B69}
	EndGlobalSection
EndGlobal
